
Microsoft Visual Studio Solution File, Format Version 12.00
# Visual Studio 15
VisualStudioVersion = 15.0.27004.2005
MinimumVisualStudioVersion = 10.0.40219.1
Project("{FAE04EC0-301F-11D3-BF4B-00C04F79EFBC}") = "MyClasses", "MyClasses\MyClasses.csproj", "{20BCF85E-3706-44E3-A2FE-D3D3F92AA188}"
EndProject
Project("{FAE04EC0-301F-11D3-BF4B-00C04F79EFBC}") = "MyClassesTest", "MyClassesTest\MyClassesTest.csproj", "{808C20F5-873C-4580-8CA7-A3F3DBAF0BF2}"
EndProject
Global
	GlobalSection(SolutionConfigurationPlatforms) = preSolution
		Debug|Any CPU = Debug|Any CPU
		Release|Any CPU = Release|Any CPU
	EndGlobalSection
	GlobalSection(ProjectConfigurationPlatforms) = postSolution
		{20BCF85E-3706-44E3-A2FE-D3D3F92AA188}.Debug|Any CPU.ActiveCfg = Debug|Any CPU
		{20BCF85E-3706-44E3-A2FE-D3D3F92AA188}.Debug|Any CPU.Build.0 = Debug|Any CPU
		{20BCF85E-3706-44E3-A2FE-D3D3F92AA188}.Release|Any CPU.ActiveCfg = Release|Any CPU
		{20BCF85E-3706-44E3-A2FE-D3D3F92AA188}.Release|Any CPU.Build.0 = Release|Any CPU
		{808C20F5-873C-4580-8CA7-A3F3DBAF0BF2}.Debug|Any CPU.ActiveCfg = Debug|Any CPU
		{808C20F5-873C-4580-8CA7-A3F3DBAF0BF2}.Debug|Any CPU.Build.0 = Debug|Any CPU
		{808C20F5-873C-4580-8CA7-A3F3DBAF0BF2}.Release|Any CPU.ActiveCfg = Release|Any CPU
		{808C20F5-873C-4580-8CA7-A3F3DBAF0BF2}.Release|Any CPU.Build.0 = Release|Any CPU
	EndGlobalSection
	GlobalSection(SolutionProperties) = preSolution
		HideSolutionNode = FALSE
	EndGlobalSection
	GlobalSection(ExtensibilityGlobals) = postSolution
		SolutionGuid = {4B4CA65E-77D2-4481-A26C-0E693250A5C8}
	EndGlobalSection
EndGlobal
